// !$*UTF8*$!
{
	archiveVersion = 1;
	classes = {
	};
	objectVersion = 56;
	objects = {

/* Begin PBXBuildFile section */
		B8920C5328EC3D3400C7A7A4 /* User.swift in Sources */ = {isa = PBXBuildFile; fileRef = B8920C5228EC3D3400C7A7A4 /* User.swift */; };
		B8920C5528EC3D5E00C7A7A4 /* Person.swift in Sources */ = {isa = PBXBuildFile; fileRef = B8920C5428EC3D5E00C7A7A4 /* Person.swift */; };
		B8920C5728EC3FE100C7A7A4 /* PersonViewController.swift in Sources */ = {isa = PBXBuildFile; fileRef = B8920C5628EC3FE100C7A7A4 /* PersonViewController.swift */; };
		B8920C5928EC401300C7A7A4 /* AboutPersonViewController.swift in Sources */ = {isa = PBXBuildFile; fileRef = B8920C5828EC401300C7A7A4 /* AboutPersonViewController.swift */; };
		B8920C5E28EC454200C7A7A4 /* Extensions.swift in Sources */ = {isa = PBXBuildFile; fileRef = B8920C5D28EC454200C7A7A4 /* Extensions.swift */; };
		B8BF2D4828E6EFD7002B41D3 /* AppDelegate.swift in Sources */ = {isa = PBXBuildFile; fileRef = B8BF2D4728E6EFD7002B41D3 /* AppDelegate.swift */; };
		B8BF2D4A28E6EFD7002B41D3 /* SceneDelegate.swift in Sources */ = {isa = PBXBuildFile; fileRef = B8BF2D4928E6EFD7002B41D3 /* SceneDelegate.swift */; };
		B8BF2D4C28E6EFD7002B41D3 /* LoginViewController.swift in Sources */ = {isa = PBXBuildFile; fileRef = B8BF2D4B28E6EFD7002B41D3 /* LoginViewController.swift */; };
		B8BF2D4F28E6EFD7002B41D3 /* Main.storyboard in Resources */ = {isa = PBXBuildFile; fileRef = B8BF2D4D28E6EFD7002B41D3 /* Main.storyboard */; };
		B8BF2D5128E6EFD7002B41D3 /* Assets.xcassets in Resources */ = {isa = PBXBuildFile; fileRef = B8BF2D5028E6EFD7002B41D3 /* Assets.xcassets */; };
		B8BF2D5428E6EFD7002B41D3 /* LaunchScreen.storyboard in Resources */ = {isa = PBXBuildFile; fileRef = B8BF2D5228E6EFD7002B41D3 /* LaunchScreen.storyboard */; };
		B8BF2D5C28E7608C002B41D3 /* WelcomeViewController.swift in Sources */ = {isa = PBXBuildFile; fileRef = B8BF2D5B28E7608C002B41D3 /* WelcomeViewController.swift */; };
/* End PBXBuildFile section */

/* Begin PBXFileReference section */
		B8920C5228EC3D3400C7A7A4 /* User.swift */ = {isa = PBXFileReference; lastKnownFileType = sourcecode.swift; path = User.swift; sourceTree = "<group>"; };
		B8920C5428EC3D5E00C7A7A4 /* Person.swift */ = {isa = PBXFileReference; lastKnownFileType = sourcecode.swift; path = Person.swift; sourceTree = "<group>"; };
		B8920C5628EC3FE100C7A7A4 /* PersonViewController.swift */ = {isa = PBXFileReference; lastKnownFileType = sourcecode.swift; path = PersonViewController.swift; sourceTree = SOURCE_ROOT; };
		B8920C5828EC401300C7A7A4 /* AboutPersonViewController.swift */ = {isa = PBXFileReference; lastKnownFileType = sourcecode.swift; path = AboutPersonViewController.swift; sourceTree = "<group>"; };
		B8920C5D28EC454200C7A7A4 /* Extensions.swift */ = {isa = PBXFileReference; lastKnownFileType = sourcecode.swift; path = Extensions.swift; sourceTree = "<group>"; };
		B8BF2D4428E6EFD7002B41D3 /* LoginApp.app */ = {isa = PBXFileReference; explicitFileType = wrapper.application; includeInIndex = 0; path = LoginApp.app; sourceTree = BUILT_PRODUCTS_DIR; };
		B8BF2D4728E6EFD7002B41D3 /* AppDelegate.swift */ = {isa = PBXFileReference; lastKnownFileType = sourcecode.swift; path = AppDelegate.swift; sourceTree = "<group>"; };
		B8BF2D4928E6EFD7002B41D3 /* SceneDelegate.swift */ = {isa = PBXFileReference; lastKnownFileType = sourcecode.swift; path = SceneDelegate.swift; sourceTree = "<group>"; };
		B8BF2D4B28E6EFD7002B41D3 /* LoginViewController.swift */ = {isa = PBXFileReference; lastKnownFileType = sourcecode.swift; path = LoginViewController.swift; sourceTree = "<group>"; };
		B8BF2D4E28E6EFD7002B41D3 /* Base */ = {isa = PBXFileReference; lastKnownFileType = file.storyboard; name = Base; path = Base.lproj/Main.storyboard; sourceTree = "<group>"; };
		B8BF2D5028E6EFD7002B41D3 /* Assets.xcassets */ = {isa = PBXFileReference; lastKnownFileType = folder.assetcatalog; path = Assets.xcassets; sourceTree = "<group>"; };
		B8BF2D5328E6EFD7002B41D3 /* Base */ = {isa = PBXFileReference; lastKnownFileType = file.storyboard; name = Base; path = Base.lproj/LaunchScreen.storyboard; sourceTree = "<group>"; };
		B8BF2D5528E6EFD7002B41D3 /* Info.plist */ = {isa = PBXFileReference; lastKnownFileType = text.plist.xml; path = Info.plist; sourceTree = "<group>"; };
		B8BF2D5B28E7608C002B41D3 /* WelcomeViewController.swift */ = {isa = PBXFileReference; lastKnownFileType = sourcecode.swift; path = WelcomeViewController.swift; sourceTree = "<group>"; };
/* End PBXFileReference section */

/* Begin PBXFrameworksBuildPhase section */
		B8BF2D4128E6EFD7002B41D3 /* Frameworks */ = {
			isa = PBXFrameworksBuildPhase;
			buildActionMask = 2147483647;
			files = (
			);
			runOnlyForDeploymentPostprocessing = 0;
		};
/* End PBXFrameworksBuildPhase section */

/* Begin PBXGroup section */
		B85145D228EC26CA00658ED0 /* App */ = {
			isa = PBXGroup;
			children = (
				B8BF2D4728E6EFD7002B41D3 /* AppDelegate.swift */,
				B8BF2D4928E6EFD7002B41D3 /* SceneDelegate.swift */,
				B8BF2D5528E6EFD7002B41D3 /* Info.plist */,
			);
			path = App;
			sourceTree = "<group>";
		};
		B85145D328EC26F100658ED0 /* ViewControllers */ = {
			isa = PBXGroup;
			children = (
				B8BF2D4B28E6EFD7002B41D3 /* LoginViewController.swift */,
				B8BF2D5B28E7608C002B41D3 /* WelcomeViewController.swift */,
				B8920C5628EC3FE100C7A7A4 /* PersonViewController.swift */,
				B8920C5828EC401300C7A7A4 /* AboutPersonViewController.swift */,
				B8920C5D28EC454200C7A7A4 /* Extensions.swift */,
			);
			path = ViewControllers;
			sourceTree = "<group>";
		};
		B85145D428EC270500658ED0 /* Storyboards */ = {
			isa = PBXGroup;
			children = (
				B8BF2D4D28E6EFD7002B41D3 /* Main.storyboard */,
				B8BF2D5228E6EFD7002B41D3 /* LaunchScreen.storyboard */,
			);
			path = Storyboards;
			sourceTree = "<group>";
		};
		B85145D528EC271B00658ED0 /* Models */ = {
			isa = PBXGroup;
			children = (
				B8920C5228EC3D3400C7A7A4 /* User.swift */,
				B8920C5428EC3D5E00C7A7A4 /* Person.swift */,
			);
			path = Models;
			sourceTree = "<group>";
		};
		B8BF2D3B28E6EFD7002B41D3 = {
			isa = PBXGroup;
			children = (
				B8BF2D4628E6EFD7002B41D3 /* LoginApp */,
				B8BF2D5028E6EFD7002B41D3 /* Assets.xcassets */,
				B8BF2D4528E6EFD7002B41D3 /* Products */,
			);
			sourceTree = "<group>";
		};
		B8BF2D4528E6EFD7002B41D3 /* Products */ = {
			isa = PBXGroup;
			children = (
				B8BF2D4428E6EFD7002B41D3 /* LoginApp.app */,
			);
			name = Products;
			sourceTree = "<group>";
		};
		B8BF2D4628E6EFD7002B41D3 /* LoginApp */ = {
			isa = PBXGroup;
			children = (
				B85145D228EC26CA00658ED0 /* App */,
				B85145D328EC26F100658ED0 /* ViewControllers */,
				B85145D528EC271B00658ED0 /* Models */,
				B85145D428EC270500658ED0 /* Storyboards */,
			);
			path = LoginApp;
			sourceTree = "<group>";
		};
/* End PBXGroup section */

/* Begin PBXNativeTarget section */
		B8BF2D4328E6EFD7002B41D3 /* LoginApp */ = {
			isa = PBXNativeTarget;
			buildConfigurationList = B8BF2D5828E6EFD7002B41D3 /* Build configuration list for PBXNativeTarget "LoginApp" */;
			buildPhases = (
				B8BF2D4028E6EFD7002B41D3 /* Sources */,
				B8BF2D4128E6EFD7002B41D3 /* Frameworks */,
				B8BF2D4228E6EFD7002B41D3 /* Resources */,
			);
			buildRules = (
			);
			dependencies = (
			);
			name = LoginApp;
			productName = LoginApp;
			productReference = B8BF2D4428E6EFD7002B41D3 /* LoginApp.app */;
			productType = "com.apple.product-type.application";
		};
/* End PBXNativeTarget section */

/* Begin PBXProject section */
		B8BF2D3C28E6EFD7002B41D3 /* Project object */ = {
			isa = PBXProject;
			attributes = {
				BuildIndependentTargetsInParallel = 1;
				LastSwiftUpdateCheck = 1400;
				LastUpgradeCheck = 1400;
				TargetAttributes = {
					B8BF2D4328E6EFD7002B41D3 = {
						CreatedOnToolsVersion = 14.0.1;
					};
				};
			};
			buildConfigurationList = B8BF2D3F28E6EFD7002B41D3 /* Build configuration list for PBXProject "LoginApp" */;
			compatibilityVersion = "Xcode 14.0";
			developmentRegion = en;
			hasScannedForEncodings = 0;
			knownRegions = (
				en,
				Base,
			);
			mainGroup = B8BF2D3B28E6EFD7002B41D3;
			productRefGroup = B8BF2D4528E6EFD7002B41D3 /* Products */;
			projectDirPath = "";
			projectRoot = "";
			targets = (
				B8BF2D4328E6EFD7002B41D3 /* LoginApp */,
			);
		};
/* End PBXProject section */

/* Begin PBXResourcesBuildPhase section */
		B8BF2D4228E6EFD7002B41D3 /* Resources */ = {
			isa = PBXResourcesBuildPhase;
			buildActionMask = 2147483647;
			files = (
				B8BF2D5428E6EFD7002B41D3 /* LaunchScreen.storyboard in Resources */,
				B8BF2D5128E6EFD7002B41D3 /* Assets.xcassets in Resources */,
				B8BF2D4F28E6EFD7002B41D3 /* Main.storyboard in Resources */,
			);
			runOnlyForDeploymentPostprocessing = 0;
		};
/* End PBXResourcesBuildPhase section */

/* Begin PBXSourcesBuildPhase section */
		B8BF2D4028E6EFD7002B41D3 /* Sources */ = {
			isa = PBXSourcesBuildPhase;
			buildActionMask = 2147483647;
			files = (
				B8920C5528EC3D5E00C7A7A4 /* Person.swift in Sources */,
				B8920C5E28EC454200C7A7A4 /* Extensions.swift in Sources */,
				B8BF2D4C28E6EFD7002B41D3 /* LoginViewController.swift in Sources */,
				B8BF2D5C28E7608C002B41D3 /* WelcomeViewController.swift in Sources */,
				B8920C5928EC401300C7A7A4 /* AboutPersonViewController.swift in Sources */,
				B8BF2D4828E6EFD7002B41D3 /* AppDelegate.swift in Sources */,
				B8920C5328EC3D3400C7A7A4 /* User.swift in Sources */,
				B8BF2D4A28E6EFD7002B41D3 /* SceneDelegate.swift in Sources */,
				B8920C5728EC3FE100C7A7A4 /* PersonViewController.swift in Sources */,
			);
			runOnlyForDeploymentPostprocessing = 0;
		};
/* End PBXSourcesBuildPhase section */

/* Begin PBXVariantGroup section */
		B8BF2D4D28E6EFD7002B41D3 /* Main.storyboard */ = {
			isa = PBXVariantGroup;
			children = (
				B8BF2D4E28E6EFD7002B41D3 /* Base */,
			);
			name = Main.storyboard;
			sourceTree = "<group>";
		};
		B8BF2D5228E6EFD7002B41D3 /* LaunchScreen.storyboard */ = {
			isa = PBXVariantGroup;
			children = (
				B8BF2D5328E6EFD7002B41D3 /* Base */,
			);
			name = LaunchScreen.storyboard;
			sourceTree = "<group>";
		};
/* End PBXVariantGroup section */

/* Begin XCBuildConfiguration section */
		B8BF2D5628E6EFD7002B41D3 /* Debug */ = {
			isa = XCBuildConfiguration;
			buildSettings = {
				ALWAYS_SEARCH_USER_PATHS = NO;
				CLANG_ANALYZER_NONNULL = YES;
				CLANG_ANALYZER_NUMBER_OBJECT_CONVERSION = YES_AGGRESSIVE;
				CLANG_CXX_LANGUAGE_STANDARD = "gnu++20";
				CLANG_ENABLE_MODULES = YES;
				CLANG_ENABLE_OBJC_ARC = YES;
				CLANG_ENABLE_OBJC_WEAK = YES;
				CLANG_WARN_BLOCK_CAPTURE_AUTORELEASING = YES;
				CLANG_WARN_BOOL_CONVERSION = YES;
				CLANG_WARN_COMMA = YES;
				CLANG_WARN_CONSTANT_CONVERSION = YES;
				CLANG_WARN_DEPRECATED_OBJC_IMPLEMENTATIONS = YES;
				CLANG_WARN_DIRECT_OBJC_ISA_USAGE = YES_ERROR;
				CLANG_WARN_DOCUMENTATION_COMMENTS = YES;
				CLANG_WARN_EMPTY_BODY = YES;
				CLANG_WARN_ENUM_CONVERSION = YES;
				CLANG_WARN_INFINITE_RECURSION = YES;
				CLANG_WARN_INT_CONVERSION = YES;
				CLANG_WARN_NON_LITERAL_NULL_CONVERSION = YES;
				CLANG_WARN_OBJC_IMPLICIT_RETAIN_SELF = YES;
				CLANG_WARN_OBJC_LITERAL_CONVERSION = YES;
				CLANG_WARN_OBJC_ROOT_CLASS = YES_ERROR;
				CLANG_WARN_QUOTED_INCLUDE_IN_FRAMEWORK_HEADER = YES;
				CLANG_WARN_RANGE_LOOP_ANALYSIS = YES;
				CLANG_WARN_STRICT_PROTOTYPES = YES;
				CLANG_WARN_SUSPICIOUS_MOVE = YES;
				CLANG_WARN_UNGUARDED_AVAILABILITY = YES_AGGRESSIVE;
				CLANG_WARN_UNREACHABLE_CODE = YES;
				CLANG_WARN__DUPLICATE_METHOD_MATCH = YES;
				COPY_PHASE_STRIP = NO;
				DEBUG_INFORMATION_FORMAT = dwarf;
				ENABLE_STRICT_OBJC_MSGSEND = YES;
				ENABLE_TESTABILITY = YES;
				GCC_C_LANGUAGE_STANDARD = gnu11;
				GCC_DYNAMIC_NO_PIC = NO;
				GCC_NO_COMMON_BLOCKS = YES;
				GCC_OPTIMIZATION_LEVEL = 0;
				GCC_PREPROCESSOR_DEFINITIONS = (
					"DEBUG=1",
					"$(inherited)",
				);
				GCC_WARN_64_TO_32_BIT_CONVERSION = YES;
				GCC_WARN_ABOUT_RETURN_TYPE = YES_ERROR;
				GCC_WARN_UNDECLARED_SELECTOR = YES;
				GCC_WARN_UNINITIALIZED_AUTOS = YES_AGGRESSIVE;
				GCC_WARN_UNUSED_FUNCTION = YES;
				GCC_WARN_UNUSED_VARIABLE = YES;
				IPHONEOS_DEPLOYMENT_TARGET = 16.0;
				MTL_ENABLE_DEBUG_INFO = INCLUDE_SOURCE;
				MTL_FAST_MATH = YES;
				ONLY_ACTIVE_ARCH = YES;
				SDKROOT = iphoneos;
				SWIFT_ACTIVE_COMPILATION_CONDITIONS = DEBUG;
				SWIFT_OPTIMIZATION_LEVEL = "-Onone";
			};
			name = Debug;
		};
		B8BF2D5728E6EFD7002B41D3 /* Release */ = {
			isa = XCBuildConfiguration;
			buildSettings = {
				ALWAYS_SEARCH_USER_PATHS = NO;
				CLANG_ANALYZER_NONNULL = YES;
				CLANG_ANALYZER_NUMBER_OBJECT_CONVERSION = YES_AGGRESSIVE;
				CLANG_CXX_LANGUAGE_STANDARD = "gnu++20";
				CLANG_ENABLE_MODULES = YES;
				CLANG_ENABLE_OBJC_ARC = YES;
				CLANG_ENABLE_OBJC_WEAK = YES;
				CLANG_WARN_BLOCK_CAPTURE_AUTORELEASING = YES;
				CLANG_WARN_BOOL_CONVERSION = YES;
				CLANG_WARN_COMMA = YES;
				CLANG_WARN_CONSTANT_CONVERSION = YES;
				CLANG_WARN_DEPRECATED_OBJC_IMPLEMENTATIONS = YES;
				CLANG_WARN_DIRECT_OBJC_ISA_USAGE = YES_ERROR;
				CLANG_WARN_DOCUMENTATION_COMMENTS = YES;
				CLANG_WARN_EMPTY_BODY = YES;
				CLANG_WARN_ENUM_CONVERSION = YES;
				CLANG_WARN_INFINITE_RECURSION = YES;
				CLANG_WARN_INT_CONVERSION = YES;
				CLANG_WARN_NON_LITERAL_NULL_CONVERSION = YES;
				CLANG_WARN_OBJC_IMPLICIT_RETAIN_SELF = YES;
				CLANG_WARN_OBJC_LITERAL_CONVERSION = YES;
				CLANG_WARN_OBJC_ROOT_CLASS = YES_ERROR;
				CLANG_WARN_QUOTED_INCLUDE_IN_FRAMEWORK_HEADER = YES;
				CLANG_WARN_RANGE_LOOP_ANALYSIS = YES;
				CLANG_WARN_STRICT_PROTOTYPES = YES;
				CLANG_WARN_SUSPICIOUS_MOVE = YES;
				CLANG_WARN_UNGUARDED_AVAILABILITY = YES_AGGRESSIVE;
				CLANG_WARN_UNREACHABLE_CODE = YES;
				CLANG_WARN__DUPLICATE_METHOD_MATCH = YES;
				COPY_PHASE_STRIP = NO;
				DEBUG_INFORMATION_FORMAT = "dwarf-with-dsym";
				ENABLE_NS_ASSERTIONS = NO;
				ENABLE_STRICT_OBJC_MSGSEND = YES;
				GCC_C_LANGUAGE_STANDARD = gnu11;
				GCC_NO_COMMON_BLOCKS = YES;
				GCC_WARN_64_TO_32_BIT_CONVERSION = YES;
				GCC_WARN_ABOUT_RETURN_TYPE = YES_ERROR;
				GCC_WARN_UNDECLARED_SELECTOR = YES;
				GCC_WARN_UNINITIALIZED_AUTOS = YES_AGGRESSIVE;
				GCC_WARN_UNUSED_FUNCTION = YES;
				GCC_WARN_UNUSED_VARIABLE = YES;
				IPHONEOS_DEPLOYMENT_TARGET = 16.0;
				MTL_ENABLE_DEBUG_INFO = NO;
				MTL_FAST_MATH = YES;
				SDKROOT = iphoneos;
				SWIFT_COMPILATION_MODE = wholemodule;
				SWIFT_OPTIMIZATION_LEVEL = "-O";
				VALIDATE_PRODUCT = YES;
			};
			name = Release;
		};
		B8BF2D5928E6EFD7002B41D3 /* Debug */ = {
			isa = XCBuildConfiguration;
			buildSettings = {
				ASSETCATALOG_COMPILER_APPICON_NAME = AppIcon;
				ASSETCATALOG_COMPILER_GLOBAL_ACCENT_COLOR_NAME = AccentColor;
				CODE_SIGN_STYLE = Automatic;
				CURRENT_PROJECT_VERSION = 1;
				DEVELOPMENT_TEAM = S3FDYF8UUF;
				GENERATE_INFOPLIST_FILE = YES;
				INFOPLIST_FILE = LoginApp/App/Info.plist;
				INFOPLIST_KEY_UIApplicationSupportsIndirectInputEvents = YES;
				INFOPLIST_KEY_UILaunchStoryboardName = LaunchScreen;
				INFOPLIST_KEY_UIMainStoryboardFile = Main;
				INFOPLIST_KEY_UISupportedInterfaceOrientations = UIInterfaceOrientationPortrait;
				INFOPLIST_KEY_UISupportedInterfaceOrientations_iPad = "UIInterfaceOrientationLandscapeLeft UIInterfaceOrientationLandscapeRight UIInterfaceOrientationPortrait UIInterfaceOrientationPortraitUpsideDown";
				IPHONEOS_DEPLOYMENT_TARGET = 15.5;
				LD_RUNPATH_SEARCH_PATHS = (
					"$(inherited)",
					"@executable_path/Frameworks",
				);
				MARKETING_VERSION = 0.0.1;
				PRODUCT_BUNDLE_IDENTIFIER = "Ilia-D.LoginApp";
				PRODUCT_NAME = "$(TARGET_NAME)";
				SUPPORTED_PLATFORMS = "iphoneos iphonesimulator";
				SUPPORTS_MACCATALYST = NO;
				SUPPORTS_MAC_DESIGNED_FOR_IPHONE_IPAD = NO;
				SWIFT_EMIT_LOC_STRINGS = YES;
				SWIFT_VERSION = 5.0;
				TARGETED_DEVICE_FAMILY = 1;
			};
			name = Debug;
		};
		B8BF2D5A28E6EFD7002B41D3 /* Release */ = {
			isa = XCBuildConfiguration;
			buildSettings = {
				ASSETCATALOG_COMPILER_APPICON_NAME = AppIcon;
				ASSETCATALOG_COMPILER_GLOBAL_ACCENT_COLOR_NAME = AccentColor;
				CODE_SIGN_STYLE = Automatic;
				CURRENT_PROJECT_VERSION = 1;
				DEVELOPMENT_TEAM = S3FDYF8UUF;
				GENERATE_INFOPLIST_FILE = YES;
				INFOPLIST_FILE = LoginApp/App/Info.plist;
				INFOPLIST_KEY_UIApplicationSupportsIndirectInputEvents = YES;
				INFOPLIST_KEY_UILaunchStoryboardName = LaunchScreen;
				INFOPLIST_KEY_UIMainStoryboardFile = Main;
				INFOPLIST_KEY_UISupportedInterfaceOrientations = UIInterfaceOrientationPortrait;
				INFOPLIST_KEY_UISupportedInterfaceOrientations_iPad = "UIInterfaceOrientationLandscapeLeft UIInterfaceOrientationLandscapeRight UIInterfaceOrientationPortrait UIInterfaceOrientationPortraitUpsideDown";
				IPHONEOS_DEPLOYMENT_TARGET = 15.5;
				LD_RUNPATH_SEARCH_PATHS = (
					"$(inherited)",
					"@executable_path/Frameworks",
				);
				MARKETING_VERSION = 0.0.1;
				PRODUCT_BUNDLE_IDENTIFIER = "Ilia-D.LoginApp";
				PRODUCT_NAME = "$(TARGET_NAME)";
				SUPPORTED_PLATFORMS = "iphoneos iphonesimulator";
				SUPPORTS_MACCATALYST = NO;
				SUPPORTS_MAC_DESIGNED_FOR_IPHONE_IPAD = NO;
				SWIFT_EMIT_LOC_STRINGS = YES;
				SWIFT_VERSION = 5.0;
				TARGETED_DEVICE_FAMILY = 1;
			};
			name = Release;
		};
/* End XCBuildConfiguration section */

/* Begin XCConfigurationList section */
		B8BF2D3F28E6EFD7002B41D3 /* Build configuration list for PBXProject "LoginApp" */ = {
			isa = XCConfigurationList;
			buildConfigurations = (
				B8BF2D5628E6EFD7002B41D3 /* Debug */,
				B8BF2D5728E6EFD7002B41D3 /* Release */,
			);
			defaultConfigurationIsVisible = 0;
			defaultConfigurationName = Release;
		};
		B8BF2D5828E6EFD7002B41D3 /* Build configuration list for PBXNativeTarget "LoginApp" */ = {
			isa = XCConfigurationList;
			buildConfigurations = (
				B8BF2D5928E6EFD7002B41D3 /* Debug */,
				B8BF2D5A28E6EFD7002B41D3 /* Release */,
			);
			defaultConfigurationIsVisible = 0;
			defaultConfigurationName = Release;
		};
/* End XCConfigurationList section */
	};
	rootObject = B8BF2D3C28E6EFD7002B41D3 /* Project object */;
}
